
Microsoft Visual Studio Solution File, Format Version 12.00
# Visual Studio Version 17
VisualStudioVersion = 17.0.31903.59
MinimumVisualStudioVersion = 10.0.40219.1
Project("{2150E333-8FDC-42A3-9474-1A3956D46DE8}") = "src", "src", "{827E0CD3-B72D-47B6-A68D-7590B98EB39B}"
EndProject
Project("{FAE04EC0-301F-11D3-BF4B-00C04F79EFBC}") = "BugTestManager.Domain", "src\BugTestManager.Domain\BugTestManager.Domain.csproj", "{A04BCAD2-527C-4A48-AB8F-6C95BD224970}"
EndProject
Project("{FAE04EC0-301F-11D3-BF4B-00C04F79EFBC}") = "BugTestManager.Application", "src\BugTestManager.Application\BugTestManager.Application.csproj", "{F7DF7F65-D0D0-4228-8066-C445366FBA1F}"
EndProject
Project("{FAE04EC0-301F-11D3-BF4B-00C04F79EFBC}") = "BugTestManager.Infrastructure", "src\BugTestManager.Infrastructure\BugTestManager.Infrastructure.csproj", "{513FAFF1-1D02-4608-9FD9-CA37D0A71661}"
EndProject
Project("{FAE04EC0-301F-11D3-BF4B-00C04F79EFBC}") = "BugTestManager.App", "src\BugTestManager.App\BugTestManager.App.csproj", "{20468EBE-8DB0-4B23-A4C5-0FD05B8B0444}"
EndProject
Project("{2150E333-8FDC-42A3-9474-1A3956D46DE8}") = "tests", "tests", "{0AB3BF05-4346-4AA6-1389-037BE0695223}"
EndProject
Project("{FAE04EC0-301F-11D3-BF4B-00C04F79EFBC}") = "BugTestManager.Domain.Tests", "tests\BugTestManager.Domain.Tests\BugTestManager.Domain.Tests.csproj", "{17DCE9F1-4391-43CC-BC58-BEA5FFC17B26}"
EndProject
Project("{FAE04EC0-301F-11D3-BF4B-00C04F79EFBC}") = "BugTestManager.Infrastructure.Tests", "tests\BugTestManager.Infrastructure.Tests\BugTestManager.Infrastructure.Tests.csproj", "{9184ED72-B078-4E82-9BF1-9882E39129DC}"
EndProject
Global
	GlobalSection(SolutionConfigurationPlatforms) = preSolution
		Debug|Any CPU = Debug|Any CPU
		Debug|x64 = Debug|x64
		Debug|x86 = Debug|x86
		Release|Any CPU = Release|Any CPU
		Release|x64 = Release|x64
		Release|x86 = Release|x86
	EndGlobalSection
	GlobalSection(ProjectConfigurationPlatforms) = postSolution
		{A04BCAD2-527C-4A48-AB8F-6C95BD224970}.Debug|Any CPU.ActiveCfg = Debug|Any CPU
		{A04BCAD2-527C-4A48-AB8F-6C95BD224970}.Debug|Any CPU.Build.0 = Debug|Any CPU
		{A04BCAD2-527C-4A48-AB8F-6C95BD224970}.Debug|x64.ActiveCfg = Debug|Any CPU
		{A04BCAD2-527C-4A48-AB8F-6C95BD224970}.Debug|x64.Build.0 = Debug|Any CPU
		{A04BCAD2-527C-4A48-AB8F-6C95BD224970}.Debug|x86.ActiveCfg = Debug|Any CPU
		{A04BCAD2-527C-4A48-AB8F-6C95BD224970}.Debug|x86.Build.0 = Debug|Any CPU
		{A04BCAD2-527C-4A48-AB8F-6C95BD224970}.Release|Any CPU.ActiveCfg = Release|Any CPU
		{A04BCAD2-527C-4A48-AB8F-6C95BD224970}.Release|Any CPU.Build.0 = Release|Any CPU
		{A04BCAD2-527C-4A48-AB8F-6C95BD224970}.Release|x64.ActiveCfg = Release|Any CPU
		{A04BCAD2-527C-4A48-AB8F-6C95BD224970}.Release|x64.Build.0 = Release|Any CPU
		{A04BCAD2-527C-4A48-AB8F-6C95BD224970}.Release|x86.ActiveCfg = Release|Any CPU
		{A04BCAD2-527C-4A48-AB8F-6C95BD224970}.Release|x86.Build.0 = Release|Any CPU
		{F7DF7F65-D0D0-4228-8066-C445366FBA1F}.Debug|Any CPU.ActiveCfg = Debug|Any CPU
		{F7DF7F65-D0D0-4228-8066-C445366FBA1F}.Debug|Any CPU.Build.0 = Debug|Any CPU
		{F7DF7F65-D0D0-4228-8066-C445366FBA1F}.Debug|x64.ActiveCfg = Debug|Any CPU
		{F7DF7F65-D0D0-4228-8066-C445366FBA1F}.Debug|x64.Build.0 = Debug|Any CPU
		{F7DF7F65-D0D0-4228-8066-C445366FBA1F}.Debug|x86.ActiveCfg = Debug|Any CPU
		{F7DF7F65-D0D0-4228-8066-C445366FBA1F}.Debug|x86.Build.0 = Debug|Any CPU
		{F7DF7F65-D0D0-4228-8066-C445366FBA1F}.Release|Any CPU.ActiveCfg = Release|Any CPU
		{F7DF7F65-D0D0-4228-8066-C445366FBA1F}.Release|Any CPU.Build.0 = Release|Any CPU
		{F7DF7F65-D0D0-4228-8066-C445366FBA1F}.Release|x64.ActiveCfg = Release|Any CPU
		{F7DF7F65-D0D0-4228-8066-C445366FBA1F}.Release|x64.Build.0 = Release|Any CPU
		{F7DF7F65-D0D0-4228-8066-C445366FBA1F}.Release|x86.ActiveCfg = Release|Any CPU
		{F7DF7F65-D0D0-4228-8066-C445366FBA1F}.Release|x86.Build.0 = Release|Any CPU
		{513FAFF1-1D02-4608-9FD9-CA37D0A71661}.Debug|Any CPU.ActiveCfg = Debug|Any CPU
		{513FAFF1-1D02-4608-9FD9-CA37D0A71661}.Debug|Any CPU.Build.0 = Debug|Any CPU
		{513FAFF1-1D02-4608-9FD9-CA37D0A71661}.Debug|x64.ActiveCfg = Debug|Any CPU
		{513FAFF1-1D02-4608-9FD9-CA37D0A71661}.Debug|x64.Build.0 = Debug|Any CPU
		{513FAFF1-1D02-4608-9FD9-CA37D0A71661}.Debug|x86.ActiveCfg = Debug|Any CPU
		{513FAFF1-1D02-4608-9FD9-CA37D0A71661}.Debug|x86.Build.0 = Debug|Any CPU
		{513FAFF1-1D02-4608-9FD9-CA37D0A71661}.Release|Any CPU.ActiveCfg = Release|Any CPU
		{513FAFF1-1D02-4608-9FD9-CA37D0A71661}.Release|Any CPU.Build.0 = Release|Any CPU
		{513FAFF1-1D02-4608-9FD9-CA37D0A71661}.Release|x64.ActiveCfg = Release|Any CPU
		{513FAFF1-1D02-4608-9FD9-CA37D0A71661}.Release|x64.Build.0 = Release|Any CPU
		{513FAFF1-1D02-4608-9FD9-CA37D0A71661}.Release|x86.ActiveCfg = Release|Any CPU
		{513FAFF1-1D02-4608-9FD9-CA37D0A71661}.Release|x86.Build.0 = Release|Any CPU
		{20468EBE-8DB0-4B23-A4C5-0FD05B8B0444}.Debug|Any CPU.ActiveCfg = Debug|Any CPU
		{20468EBE-8DB0-4B23-A4C5-0FD05B8B0444}.Debug|Any CPU.Build.0 = Debug|Any CPU
		{20468EBE-8DB0-4B23-A4C5-0FD05B8B0444}.Debug|x64.ActiveCfg = Debug|Any CPU
		{20468EBE-8DB0-4B23-A4C5-0FD05B8B0444}.Debug|x64.Build.0 = Debug|Any CPU
		{20468EBE-8DB0-4B23-A4C5-0FD05B8B0444}.Debug|x86.ActiveCfg = Debug|Any CPU
		{20468EBE-8DB0-4B23-A4C5-0FD05B8B0444}.Debug|x86.Build.0 = Debug|Any CPU
		{20468EBE-8DB0-4B23-A4C5-0FD05B8B0444}.Release|Any CPU.ActiveCfg = Release|Any CPU
		{20468EBE-8DB0-4B23-A4C5-0FD05B8B0444}.Release|Any CPU.Build.0 = Release|Any CPU
		{20468EBE-8DB0-4B23-A4C5-0FD05B8B0444}.Release|x64.ActiveCfg = Release|Any CPU
		{20468EBE-8DB0-4B23-A4C5-0FD05B8B0444}.Release|x64.Build.0 = Release|Any CPU
		{20468EBE-8DB0-4B23-A4C5-0FD05B8B0444}.Release|x86.ActiveCfg = Release|Any CPU
		{20468EBE-8DB0-4B23-A4C5-0FD05B8B0444}.Release|x86.Build.0 = Release|Any CPU
		{17DCE9F1-4391-43CC-BC58-BEA5FFC17B26}.Debug|Any CPU.ActiveCfg = Debug|Any CPU
		{17DCE9F1-4391-43CC-BC58-BEA5FFC17B26}.Debug|Any CPU.Build.0 = Debug|Any CPU
		{17DCE9F1-4391-43CC-BC58-BEA5FFC17B26}.Debug|x64.ActiveCfg = Debug|Any CPU
		{17DCE9F1-4391-43CC-BC58-BEA5FFC17B26}.Debug|x64.Build.0 = Debug|Any CPU
		{17DCE9F1-4391-43CC-BC58-BEA5FFC17B26}.Debug|x86.ActiveCfg = Debug|Any CPU
		{17DCE9F1-4391-43CC-BC58-BEA5FFC17B26}.Debug|x86.Build.0 = Debug|Any CPU
		{17DCE9F1-4391-43CC-BC58-BEA5FFC17B26}.Release|Any CPU.ActiveCfg = Release|Any CPU
		{17DCE9F1-4391-43CC-BC58-BEA5FFC17B26}.Release|Any CPU.Build.0 = Release|Any CPU
		{17DCE9F1-4391-43CC-BC58-BEA5FFC17B26}.Release|x64.ActiveCfg = Release|Any CPU
		{17DCE9F1-4391-43CC-BC58-BEA5FFC17B26}.Release|x64.Build.0 = Release|Any CPU
		{17DCE9F1-4391-43CC-BC58-BEA5FFC17B26}.Release|x86.ActiveCfg = Release|Any CPU
		{17DCE9F1-4391-43CC-BC58-BEA5FFC17B26}.Release|x86.Build.0 = Release|Any CPU
		{9184ED72-B078-4E82-9BF1-9882E39129DC}.Debug|Any CPU.ActiveCfg = Debug|Any CPU
		{9184ED72-B078-4E82-9BF1-9882E39129DC}.Debug|Any CPU.Build.0 = Debug|Any CPU
		{9184ED72-B078-4E82-9BF1-9882E39129DC}.Debug|x64.ActiveCfg = Debug|Any CPU
		{9184ED72-B078-4E82-9BF1-9882E39129DC}.Debug|x64.Build.0 = Debug|Any CPU
		{9184ED72-B078-4E82-9BF1-9882E39129DC}.Debug|x86.ActiveCfg = Debug|Any CPU
		{9184ED72-B078-4E82-9BF1-9882E39129DC}.Debug|x86.Build.0 = Debug|Any CPU
		{9184ED72-B078-4E82-9BF1-9882E39129DC}.Release|Any CPU.ActiveCfg = Release|Any CPU
		{9184ED72-B078-4E82-9BF1-9882E39129DC}.Release|Any CPU.Build.0 = Release|Any CPU
		{9184ED72-B078-4E82-9BF1-9882E39129DC}.Release|x64.ActiveCfg = Release|Any CPU
		{9184ED72-B078-4E82-9BF1-9882E39129DC}.Release|x64.Build.0 = Release|Any CPU
		{9184ED72-B078-4E82-9BF1-9882E39129DC}.Release|x86.ActiveCfg = Release|Any CPU
		{9184ED72-B078-4E82-9BF1-9882E39129DC}.Release|x86.Build.0 = Release|Any CPU
	EndGlobalSection
	GlobalSection(SolutionProperties) = preSolution
		HideSolutionNode = FALSE
	EndGlobalSection
	GlobalSection(NestedProjects) = preSolution
		{A04BCAD2-527C-4A48-AB8F-6C95BD224970} = {827E0CD3-B72D-47B6-A68D-7590B98EB39B}
		{F7DF7F65-D0D0-4228-8066-C445366FBA1F} = {827E0CD3-B72D-47B6-A68D-7590B98EB39B}
		{513FAFF1-1D02-4608-9FD9-CA37D0A71661} = {827E0CD3-B72D-47B6-A68D-7590B98EB39B}
		{20468EBE-8DB0-4B23-A4C5-0FD05B8B0444} = {827E0CD3-B72D-47B6-A68D-7590B98EB39B}
		{17DCE9F1-4391-43CC-BC58-BEA5FFC17B26} = {0AB3BF05-4346-4AA6-1389-037BE0695223}
		{9184ED72-B078-4E82-9BF1-9882E39129DC} = {0AB3BF05-4346-4AA6-1389-037BE0695223}
	EndGlobalSection
EndGlobal
